// !$*UTF8*$!
{
	archiveVersion = 1;
	classes = {
	};
	objectVersion = 46;
	objects = {

/* Begin PBXBuildFile section */
		62C74B6918D80C820047D722 /* Foundation.framework in Frameworks */ = {isa = PBXBuildFile; fileRef = 62C74B6818D80C820047D722 /* Foundation.framework */; };
		62C74B6B18D80C820047D722 /* CoreGraphics.framework in Frameworks */ = {isa = PBXBuildFile; fileRef = 62C74B6A18D80C820047D722 /* CoreGraphics.framework */; };
		62C74B6D18D80C820047D722 /* UIKit.framework in Frameworks */ = {isa = PBXBuildFile; fileRef = 62C74B6C18D80C820047D722 /* UIKit.framework */; };
		62C74B7318D80C820047D722 /* InfoPlist.strings in Resources */ = {isa = PBXBuildFile; fileRef = 62C74B7118D80C820047D722 /* InfoPlist.strings */; };
		62C74B7518D80C820047D722 /* main.m in Sources */ = {isa = PBXBuildFile; fileRef = 62C74B7418D80C820047D722 /* main.m */; };
		62C74B7918D80C820047D722 /* AppDelegate.m in Sources */ = {isa = PBXBuildFile; fileRef = 62C74B7818D80C820047D722 /* AppDelegate.m */; };
		62C74B7C18D80C820047D722 /* Main.storyboard in Resources */ = {isa = PBXBuildFile; fileRef = 62C74B7A18D80C820047D722 /* Main.storyboard */; };
		62C74B7F18D80C820047D722 /* ViewController.m in Sources */ = {isa = PBXBuildFile; fileRef = 62C74B7E18D80C820047D722 /* ViewController.m */; };
		62C74B8118D80C820047D722 /* Images.xcassets in Resources */ = {isa = PBXBuildFile; fileRef = 62C74B8018D80C820047D722 /* Images.xcassets */; };
		62C74B8818D80C820047D722 /* XCTest.framework in Frameworks */ = {isa = PBXBuildFile; fileRef = 62C74B8718D80C820047D722 /* XCTest.framework */; };
		62C74B8918D80C820047D722 /* Foundation.framework in Frameworks */ = {isa = PBXBuildFile; fileRef = 62C74B6818D80C820047D722 /* Foundation.framework */; };
		62C74B8A18D80C820047D722 /* UIKit.framework in Frameworks */ = {isa = PBXBuildFile; fileRef = 62C74B6C18D80C820047D722 /* UIKit.framework */; };
		62C74B9218D80C820047D722 /* InfoPlist.strings in Resources */ = {isa = PBXBuildFile; fileRef = 62C74B9018D80C820047D722 /* InfoPlist.strings */; };
		62C74B9418D80C820047D722 /* SpeedTesterTestTests.m in Sources */ = {isa = PBXBuildFile; fileRef = 62C74B9318D80C820047D722 /* SpeedTesterTestTests.m */; };
		62C74B9F18D80CAF0047D722 /* SpeedTester.m in Sources */ = {isa = PBXBuildFile; fileRef = 62C74B9E18D80CAF0047D722 /* SpeedTester.m */; };
/* End PBXBuildFile section */

/* Begin PBXContainerItemProxy section */
		62C74B8B18D80C820047D722 /* PBXContainerItemProxy */ = {
			isa = PBXContainerItemProxy;
			containerPortal = 62C74B5D18D80C820047D722 /* Project object */;
			proxyType = 1;
			remoteGlobalIDString = 62C74B6418D80C820047D722;
			remoteInfo = SpeedTesterTest;
		};
/* End PBXContainerItemProxy section */

/* Begin PBXFileReference section */
		62C74B6518D80C820047D722 /* SpeedTesterTest.app */ = {isa = PBXFileReference; explicitFileType = wrapper.application; includeInIndex = 0; path = SpeedTesterTest.app; sourceTree = BUILT_PRODUCTS_DIR; };
		62C74B6818D80C820047D722 /* Foundation.framework */ = {isa = PBXFileReference; lastKnownFileType = wrapper.framework; name = Foundation.framework; path = System/Library/Frameworks/Foundation.framework; sourceTree = SDKROOT; };
		62C74B6A18D80C820047D722 /* CoreGraphics.framework */ = {isa = PBXFileReference; lastKnownFileType = wrapper.framework; name = CoreGraphics.framework; path = System/Library/Frameworks/CoreGraphics.framework; sourceTree = SDKROOT; };
		62C74B6C18D80C820047D722 /* UIKit.framework */ = {isa = PBXFileReference; lastKnownFileType = wrapper.framework; name = UIKit.framework; path = System/Library/Frameworks/UIKit.framework; sourceTree = SDKROOT; };
		62C74B7018D80C820047D722 /* SpeedTesterTest-Info.plist */ = {isa = PBXFileReference; lastKnownFileType = text.plist.xml; path = "SpeedTesterTest-Info.plist"; sourceTree = "<group>"; };
		62C74B7218D80C820047D722 /* en */ = {isa = PBXFileReference; lastKnownFileType = text.plist.strings; name = en; path = en.lproj/InfoPlist.strings; sourceTree = "<group>"; };
		62C74B7418D80C820047D722 /* main.m */ = {isa = PBXFileReference; lastKnownFileType = sourcecode.c.objc; path = main.m; sourceTree = "<group>"; };
		62C74B7618D80C820047D722 /* SpeedTesterTest-Prefix.pch */ = {isa = PBXFileReference; lastKnownFileType = sourcecode.c.h; path = "SpeedTesterTest-Prefix.pch"; sourceTree = "<group>"; };
		62C74B7718D80C820047D722 /* AppDelegate.h */ = {isa = PBXFileReference; lastKnownFileType = sourcecode.c.h; path = AppDelegate.h; sourceTree = "<group>"; };
		62C74B7818D80C820047D722 /* AppDelegate.m */ = {isa = PBXFileReference; lastKnownFileType = sourcecode.c.objc; path = AppDelegate.m; sourceTree = "<group>"; };
		62C74B7B18D80C820047D722 /* Base */ = {isa = PBXFileReference; lastKnownFileType = file.storyboard; name = Base; path = Base.lproj/Main.storyboard; sourceTree = "<group>"; };
		62C74B7D18D80C820047D722 /* ViewController.h */ = {isa = PBXFileReference; lastKnownFileType = sourcecode.c.h; path = ViewController.h; sourceTree = "<group>"; };
		62C74B7E18D80C820047D722 /* ViewController.m */ = {isa = PBXFileReference; lastKnownFileType = sourcecode.c.objc; path = ViewController.m; sourceTree = "<group>"; };
		62C74B8018D80C820047D722 /* Images.xcassets */ = {isa = PBXFileReference; lastKnownFileType = folder.assetcatalog; path = Images.xcassets; sourceTree = "<group>"; };
		62C74B8618D80C820047D722 /* SpeedTesterTestTests.xctest */ = {isa = PBXFileReference; explicitFileType = wrapper.cfbundle; includeInIndex = 0; path = SpeedTesterTestTests.xctest; sourceTree = BUILT_PRODUCTS_DIR; };
		62C74B8718D80C820047D722 /* XCTest.framework */ = {isa = PBXFileReference; lastKnownFileType = wrapper.framework; name = XCTest.framework; path = Library/Frameworks/XCTest.framework; sourceTree = DEVELOPER_DIR; };
		62C74B8F18D80C820047D722 /* SpeedTesterTestTests-Info.plist */ = {isa = PBXFileReference; lastKnownFileType = text.plist.xml; path = "SpeedTesterTestTests-Info.plist"; sourceTree = "<group>"; };
		62C74B9118D80C820047D722 /* en */ = {isa = PBXFileReference; lastKnownFileType = text.plist.strings; name = en; path = en.lproj/InfoPlist.strings; sourceTree = "<group>"; };
		62C74B9318D80C820047D722 /* SpeedTesterTestTests.m */ = {isa = PBXFileReference; lastKnownFileType = sourcecode.c.objc; path = SpeedTesterTestTests.m; sourceTree = "<group>"; };
		62C74B9D18D80CAF0047D722 /* SpeedTester.h */ = {isa = PBXFileReference; fileEncoding = 4; lastKnownFileType = sourcecode.c.h; path = SpeedTester.h; sourceTree = "<group>"; };
		62C74B9E18D80CAF0047D722 /* SpeedTester.m */ = {isa = PBXFileReference; fileEncoding = 4; lastKnownFileType = sourcecode.c.objc; path = SpeedTester.m; sourceTree = "<group>"; };
/* End PBXFileReference section */

/* Begin PBXFrameworksBuildPhase section */
		62C74B6218D80C820047D722 /* Frameworks */ = {
			isa = PBXFrameworksBuildPhase;
			buildActionMask = 2147483647;
			files = (
				62C74B6B18D80C820047D722 /* CoreGraphics.framework in Frameworks */,
				62C74B6D18D80C820047D722 /* UIKit.framework in Frameworks */,
				62C74B6918D80C820047D722 /* Foundation.framework in Frameworks */,
			);
			runOnlyForDeploymentPostprocessing = 0;
		};
		62C74B8318D80C820047D722 /* Frameworks */ = {
			isa = PBXFrameworksBuildPhase;
			buildActionMask = 2147483647;
			files = (
				62C74B8818D80C820047D722 /* XCTest.framework in Frameworks */,
				62C74B8A18D80C820047D722 /* UIKit.framework in Frameworks */,
				62C74B8918D80C820047D722 /* Foundation.framework in Frameworks */,
			);
			runOnlyForDeploymentPostprocessing = 0;
		};
/* End PBXFrameworksBuildPhase section */

/* Begin PBXGroup section */
		62C74B5C18D80C820047D722 = {
			isa = PBXGroup;
			children = (
				62C74B6E18D80C820047D722 /* SpeedTesterTest */,
				62C74B8D18D80C820047D722 /* SpeedTesterTestTests */,
				62C74B6718D80C820047D722 /* Frameworks */,
				62C74B6618D80C820047D722 /* Products */,
			);
			sourceTree = "<group>";
		};
		62C74B6618D80C820047D722 /* Products */ = {
			isa = PBXGroup;
			children = (
				62C74B6518D80C820047D722 /* SpeedTesterTest.app */,
				62C74B8618D80C820047D722 /* SpeedTesterTestTests.xctest */,
			);
			name = Products;
			sourceTree = "<group>";
		};
		62C74B6718D80C820047D722 /* Frameworks */ = {
			isa = PBXGroup;
			children = (
				62C74B6818D80C820047D722 /* Foundation.framework */,
				62C74B6A18D80C820047D722 /* CoreGraphics.framework */,
				62C74B6C18D80C820047D722 /* UIKit.framework */,
				62C74B8718D80C820047D722 /* XCTest.framework */,
			);
			name = Frameworks;
			sourceTree = "<group>";
		};
		62C74B6E18D80C820047D722 /* SpeedTesterTest */ = {
			isa = PBXGroup;
			children = (
				62C74B7718D80C820047D722 /* AppDelegate.h */,
				62C74B7818D80C820047D722 /* AppDelegate.m */,
				62C74B7A18D80C820047D722 /* Main.storyboard */,
				62C74B7D18D80C820047D722 /* ViewController.h */,
				62C74B7E18D80C820047D722 /* ViewController.m */,
				62C74B8018D80C820047D722 /* Images.xcassets */,
				62C74B6F18D80C820047D722 /* Supporting Files */,
				62C74B9D18D80CAF0047D722 /* SpeedTester.h */,
				62C74B9E18D80CAF0047D722 /* SpeedTester.m */,
			);
			path = SpeedTesterTest;
			sourceTree = "<group>";
		};
		62C74B6F18D80C820047D722 /* Supporting Files */ = {
			isa = PBXGroup;
			children = (
				62C74B7018D80C820047D722 /* SpeedTesterTest-Info.plist */,
				62C74B7118D80C820047D722 /* InfoPlist.strings */,
				62C74B7418D80C820047D722 /* main.m */,
				62C74B7618D80C820047D722 /* SpeedTesterTest-Prefix.pch */,
			);
			name = "Supporting Files";
			sourceTree = "<group>";
		};
		62C74B8D18D80C820047D722 /* SpeedTesterTestTests */ = {
			isa = PBXGroup;
			children = (
				62C74B9318D80C820047D722 /* SpeedTesterTestTests.m */,
				62C74B8E18D80C820047D722 /* Supporting Files */,
			);
			path = SpeedTesterTestTests;
			sourceTree = "<group>";
		};
		62C74B8E18D80C820047D722 /* Supporting Files */ = {
			isa = PBXGroup;
			children = (
				62C74B8F18D80C820047D722 /* SpeedTesterTestTests-Info.plist */,
				62C74B9018D80C820047D722 /* InfoPlist.strings */,
			);
			name = "Supporting Files";
			sourceTree = "<group>";
		};
/* End PBXGroup section */

/* Begin PBXNativeTarget section */
		62C74B6418D80C820047D722 /* SpeedTesterTest */ = {
			isa = PBXNativeTarget;
			buildConfigurationList = 62C74B9718D80C820047D722 /* Build configuration list for PBXNativeTarget "SpeedTesterTest" */;
			buildPhases = (
				62C74B6118D80C820047D722 /* Sources */,
				62C74B6218D80C820047D722 /* Frameworks */,
				62C74B6318D80C820047D722 /* Resources */,
			);
			buildRules = (
			);
			dependencies = (
			);
			name = SpeedTesterTest;
			productName = SpeedTesterTest;
			productReference = 62C74B6518D80C820047D722 /* SpeedTesterTest.app */;
			productType = "com.apple.product-type.application";
		};
		62C74B8518D80C820047D722 /* SpeedTesterTestTests */ = {
			isa = PBXNativeTarget;
			buildConfigurationList = 62C74B9A18D80C820047D722 /* Build configuration list for PBXNativeTarget "SpeedTesterTestTests" */;
			buildPhases = (
				62C74B8218D80C820047D722 /* Sources */,
				62C74B8318D80C820047D722 /* Frameworks */,
				62C74B8418D80C820047D722 /* Resources */,
			);
			buildRules = (
			);
			dependencies = (
				62C74B8C18D80C820047D722 /* PBXTargetDependency */,
			);
			name = SpeedTesterTestTests;
			productName = SpeedTesterTestTests;
			productReference = 62C74B8618D80C820047D722 /* SpeedTesterTestTests.xctest */;
			productType = "com.apple.product-type.bundle.unit-test";
		};
/* End PBXNativeTarget section */

/* Begin PBXProject section */
		62C74B5D18D80C820047D722 /* Project object */ = {
			isa = PBXProject;
			attributes = {
				LastUpgradeCheck = 0510;
				ORGANIZATIONNAME = jyon;
				TargetAttributes = {
					62C74B8518D80C820047D722 = {
						TestTargetID = 62C74B6418D80C820047D722;
					};
				};
			};
			buildConfigurationList = 62C74B6018D80C820047D722 /* Build configuration list for PBXProject "SpeedTesterTest" */;
			compatibilityVersion = "Xcode 3.2";
			developmentRegion = English;
			hasScannedForEncodings = 0;
			knownRegions = (
				en,
				Base,
			);
			mainGroup = 62C74B5C18D80C820047D722;
			productRefGroup = 62C74B6618D80C820047D722 /* Products */;
			projectDirPath = "";
			projectRoot = "";
			targets = (
				62C74B6418D80C820047D722 /* SpeedTesterTest */,
				62C74B8518D80C820047D722 /* SpeedTesterTestTests */,
			);
		};
/* End PBXProject section */

/* Begin PBXResourcesBuildPhase section */
		62C74B6318D80C820047D722 /* Resources */ = {
			isa = PBXResourcesBuildPhase;
			buildActionMask = 2147483647;
			files = (
				62C74B8118D80C820047D722 /* Images.xcassets in Resources */,
				62C74B7318D80C820047D722 /* InfoPlist.strings in Resources */,
				62C74B7C18D80C820047D722 /* Main.storyboard in Resources */,
			);
			runOnlyForDeploymentPostprocessing = 0;
		};
		62C74B8418D80C820047D722 /* Resources */ = {
			isa = PBXResourcesBuildPhase;
			buildActionMask = 2147483647;
			files = (
				62C74B9218D80C820047D722 /* InfoPlist.strings in Resources */,
			);
			runOnlyForDeploymentPostprocessing = 0;
		};
/* End PBXResourcesBuildPhase section */

/* Begin PBXSourcesBuildPhase section */
		62C74B6118D80C820047D722 /* Sources */ = {
			isa = PBXSourcesBuildPhase;
			buildActionMask = 2147483647;
			files = (
				62C74B9F18D80CAF0047D722 /* SpeedTester.m in Sources */,
				62C74B7F18D80C820047D722 /* ViewController.m in Sources */,
				62C74B7918D80C820047D722 /* AppDelegate.m in Sources */,
				62C74B7518D80C820047D722 /* main.m in Sources */,
			);
			runOnlyForDeploymentPostprocessing = 0;
		};
		62C74B8218D80C820047D722 /* Sources */ = {
			isa = PBXSourcesBuildPhase;
			buildActionMask = 2147483647;
			files = (
				62C74B9418D80C820047D722 /* SpeedTesterTestTests.m in Sources */,
			);
			runOnlyForDeploymentPostprocessing = 0;
		};
/* End PBXSourcesBuildPhase section */

/* Begin PBXTargetDependency section */
		62C74B8C18D80C820047D722 /* PBXTargetDependency */ = {
			isa = PBXTargetDependency;
			target = 62C74B6418D80C820047D722 /* SpeedTesterTest */;
			targetProxy = 62C74B8B18D80C820047D722 /* PBXContainerItemProxy */;
		};
/* End PBXTargetDependency section */

/* Begin PBXVariantGroup section */
		62C74B7118D80C820047D722 /* InfoPlist.strings */ = {
			isa = PBXVariantGroup;
			children = (
				62C74B7218D80C820047D722 /* en */,
			);
			name = InfoPlist.strings;
			sourceTree = "<group>";
		};
		62C74B7A18D80C820047D722 /* Main.storyboard */ = {
			isa = PBXVariantGroup;
			children = (
				62C74B7B18D80C820047D722 /* Base */,
			);
			name = Main.storyboard;
			sourceTree = "<group>";
		};
		62C74B9018D80C820047D722 /* InfoPlist.strings */ = {
			isa = PBXVariantGroup;
			children = (
				62C74B9118D80C820047D722 /* en */,
			);
			name = InfoPlist.strings;
			sourceTree = "<group>";
		};
/* End PBXVariantGroup section */

/* Begin XCBuildConfiguration section */
		62C74B9518D80C820047D722 /* Debug */ = {
			isa = XCBuildConfiguration;
			buildSettings = {
				ALWAYS_SEARCH_USER_PATHS = NO;
				CLANG_CXX_LANGUAGE_STANDARD = "gnu++0x";
				CLANG_CXX_LIBRARY = "libc++";
				CLANG_ENABLE_MODULES = YES;
				CLANG_ENABLE_OBJC_ARC = YES;
				CLANG_WARN_BOOL_CONVERSION = YES;
				CLANG_WARN_CONSTANT_CONVERSION = YES;
				CLANG_WARN_DIRECT_OBJC_ISA_USAGE = YES_ERROR;
				CLANG_WARN_EMPTY_BODY = YES;
				CLANG_WARN_ENUM_CONVERSION = YES;
				CLANG_WARN_INT_CONVERSION = YES;
				CLANG_WARN_OBJC_ROOT_CLASS = YES_ERROR;
				CLANG_WARN__DUPLICATE_METHOD_MATCH = YES;
				"CODE_SIGN_IDENTITY[sdk=iphoneos*]" = "iPhone Developer";
				COPY_PHASE_STRIP = NO;
				GCC_C_LANGUAGE_STANDARD = gnu99;
				GCC_DYNAMIC_NO_PIC = NO;
				GCC_OPTIMIZATION_LEVEL = 0;
				GCC_PREPROCESSOR_DEFINITIONS = (
					"DEBUG=1",
					"$(inherited)",
				);
				GCC_SYMBOLS_PRIVATE_EXTERN = NO;
				GCC_WARN_64_TO_32_BIT_CONVERSION = YES;
				GCC_WARN_ABOUT_RETURN_TYPE = YES_ERROR;
				GCC_WARN_UNDECLARED_SELECTOR = YES;
				GCC_WARN_UNINITIALIZED_AUTOS = YES_AGGRESSIVE;
				GCC_WARN_UNUSED_FUNCTION = YES;
				GCC_WARN_UNUSED_VARIABLE = YES;
				IPHONEOS_DEPLOYMENT_TARGET = 7.1;
				ONLY_ACTIVE_ARCH = YES;
				SDKROOT = iphoneos;
			};
			name = Debug;
		};
		62C74B9618D80C820047D722 /* Release */ = {
			isa = XCBuildConfiguration;
			buildSettings = {
				ALWAYS_SEARCH_USER_PATHS = NO;
				CLANG_CXX_LANGUAGE_STANDARD = "gnu++0x";
				CLANG_CXX_LIBRARY = "libc++";
				CLANG_ENABLE_MODULES = YES;
				CLANG_ENABLE_OBJC_ARC = YES;
				CLANG_WARN_BOOL_CONVERSION = YES;
				CLANG_WARN_CONSTANT_CONVERSION = YES;
				CLANG_WARN_DIRECT_OBJC_ISA_USAGE = YES_ERROR;
				CLANG_WARN_EMPTY_BODY = YES;
				CLANG_WARN_ENUM_CONVERSION = YES;
				CLANG_WARN_INT_CONVERSION = YES;
				CLANG_WARN_OBJC_ROOT_CLASS = YES_ERROR;
				CLANG_WARN__DUPLICATE_METHOD_MATCH = YES;
				"CODE_SIGN_IDENTITY[sdk=iphoneos*]" = "iPhone Developer";
				COPY_PHASE_STRIP = YES;
				ENABLE_NS_ASSERTIONS = NO;
				GCC_C_LANGUAGE_STANDARD = gnu99;
				GCC_WARN_64_TO_32_BIT_CONVERSION = YES;
				GCC_WARN_ABOUT_RETURN_TYPE = YES_ERROR;
				GCC_WARN_UNDECLARED_SELECTOR = YES;
				GCC_WARN_UNINITIALIZED_AUTOS = YES_AGGRESSIVE;
				GCC_WARN_UNUSED_FUNCTION = YES;
				GCC_WARN_UNUSED_VARIABLE = YES;
				IPHONEOS_DEPLOYMENT_TARGET = 7.1;
				SDKROOT = iphoneos;
				VALIDATE_PRODUCT = YES;
			};
			name = Release;
		};
		62C74B9818D80C820047D722 /* Debug */ = {
			isa = XCBuildConfiguration;
			buildSettings = {
				ASSETCATALOG_COMPILER_APPICON_NAME = AppIcon;
				ASSETCATALOG_COMPILER_LAUNCHIMAGE_NAME = LaunchImage;
				GCC_PRECOMPILE_PREFIX_HEADER = YES;
				GCC_PREFIX_HEADER = "SpeedTesterTest/SpeedTesterTest-Prefix.pch";
				INFOPLIST_FILE = "SpeedTesterTest/SpeedTesterTest-Info.plist";
				PRODUCT_NAME = "$(TARGET_NAME)";
				WRAPPER_EXTENSION = app;
			};
			name = Debug;
		};
		62C74B9918D80C820047D722 /* Release */ = {
			isa = XCBuildConfiguration;
			buildSettings = {
				ASSETCATALOG_COMPILER_APPICON_NAME = AppIcon;
				ASSETCATALOG_COMPILER_LAUNCHIMAGE_NAME = LaunchImage;
				GCC_PRECOMPILE_PREFIX_HEADER = YES;
				GCC_PREFIX_HEADER = "SpeedTesterTest/SpeedTesterTest-Prefix.pch";
				INFOPLIST_FILE = "SpeedTesterTest/SpeedTesterTest-Info.plist";
				PRODUCT_NAME = "$(TARGET_NAME)";
				WRAPPER_EXTENSION = app;
			};
			name = Release;
		};
		62C74B9B18D80C820047D722 /* Debug */ = {
			isa = XCBuildConfiguration;
			buildSettings = {
				BUNDLE_LOADER = "$(BUILT_PRODUCTS_DIR)/SpeedTesterTest.app/SpeedTesterTest";
				FRAMEWORK_SEARCH_PATHS = (
					"$(SDKROOT)/Developer/Library/Frameworks",
					"$(inherited)",
					"$(DEVELOPER_FRAMEWORKS_DIR)",
				);
				GCC_PRECOMPILE_PREFIX_HEADER = YES;
				GCC_PREFIX_HEADER = "SpeedTesterTest/SpeedTesterTest-Prefix.pch";
				GCC_PREPROCESSOR_DEFINITIONS = (
					"DEBUG=1",
					"$(inherited)",
				);
				INFOPLIST_FILE = "SpeedTesterTestTests/SpeedTesterTestTests-Info.plist";
				PRODUCT_NAME = "$(TARGET_NAME)";
				TEST_HOST = "$(BUNDLE_LOADER)";
				WRAPPER_EXTENSION = xctest;
			};
			name = Debug;
		};
		62C74B9C18D80C820047D722 /* Release */ = {
			isa = XCBuildConfiguration;
			buildSettings = {
				BUNDLE_LOADER = "$(BUILT_PRODUCTS_DIR)/SpeedTesterTest.app/SpeedTesterTest";
				FRAMEWORK_SEARCH_PATHS = (
					"$(SDKROOT)/Developer/Library/Frameworks",
					"$(inherited)",
					"$(DEVELOPER_FRAMEWORKS_DIR)",
				);
				GCC_PRECOMPILE_PREFIX_HEADER = YES;
				GCC_PREFIX_HEADER = "SpeedTesterTest/SpeedTesterTest-Prefix.pch";
				INFOPLIST_FILE = "SpeedTesterTestTests/SpeedTesterTestTests-Info.plist";
				PRODUCT_NAME = "$(TARGET_NAME)";
				TEST_HOST = "$(BUNDLE_LOADER)";
				WRAPPER_EXTENSION = xctest;
			};
			name = Release;
		};
/* End XCBuildConfiguration section */

/* Begin XCConfigurationList section */
		62C74B6018D80C820047D722 /* Build configuration list for PBXProject "SpeedTesterTest" */ = {
			isa = XCConfigurationList;
			buildConfigurations = (
				62C74B9518D80C820047D722 /* Debug */,
				62C74B9618D80C820047D722 /* Release */,
			);
			defaultConfigurationIsVisible = 0;
			defaultConfigurationName = Release;
		};
		62C74B9718D80C820047D722 /* Build configuration list for PBXNativeTarget "SpeedTesterTest" */ = {
			isa = XCConfigurationList;
			buildConfigurations = (
				62C74B9818D80C820047D722 /* Debug */,
				62C74B9918D80C820047D722 /* Release */,
			);
			defaultConfigurationIsVisible = 0;
		};
		62C74B9A18D80C820047D722 /* Build configuration list for PBXNativeTarget "SpeedTesterTestTests" */ = {
			isa = XCConfigurationList;
			buildConfigurations = (
				62C74B9B18D80C820047D722 /* Debug */,
				62C74B9C18D80C820047D722 /* Release */,
			);
			defaultConfigurationIsVisible = 0;
		};
/* End XCConfigurationList section */
	};
	rootObject = 62C74B5D18D80C820047D722 /* Project object */;
}
